lockfileVersion: 5.4

specifiers:
  csv: ^6.2.1
  csv-parse: ^5.3.1
  csv-stringify: ^6.2.0
  ttest: ^4.0.0

dependencies:
  csv: 6.2.1
  csv-parse: 5.3.1
  csv-stringify: 6.2.0
  ttest: 4.0.0

packages:

  /cephes/1.2.0:
    resolution: {integrity: sha512-twuUuJRrIrsELHz6foJtZlqrz6FC36zoHZJvvThsrM1UWPKxyoilw1Rka6Hk0AmPFKHKUoGwGfAtvNZNtNZu0g==}
    dev: false

  /csv-generate/4.2.0:
    resolution: {integrity: sha512-zlIESlGQaYqIhNYwBN2pj5KXNMYbAXZYMOgNoVSoYV8MQyGZwcNWX+kx5LHxocp+zQDqzSgeKh+e+AZs+nCq4Q==}
    dev: false

  /csv-parse/5.3.1:
    resolution: {integrity: sha512-R4Hv6eGJNzgcKdThZ6XORbSQ873HVcNke74QIq+LbwpT90LaZ8Xzl7KKiuIP16xq/P7ofzRt0h7S0xm+fVScsw==}
    dev: false

  /csv-stringify/6.2.0:
    resolution: {integrity: sha512-dcUbQLRTTDcgQxgEU8V9IctkaCwHZjZfzUZ5ZB3RY8Y+pXtdtl5iVQHfGzANytFFkRKanYzBXrkfpNdGR7eviA==}
    dev: false

  /csv/6.2.1:
    resolution: {integrity: sha512-qTEPklcIZkJGaB/j6/2qNXZbKgWSXPVMyRnZvRcb1F7MGyvLqJexlZlbJ3NQkgmUoAeScZhsRHjlZEgImBfCYQ==}
    engines: {node: '>= 0.1.90'}
    dependencies:
      csv-generate: 4.2.0
      csv-parse: 5.3.1
      csv-stringify: 6.2.0
      stream-transform: 3.2.0
    dev: false

  /distributions/2.1.0:
    resolution: {integrity: sha512-4eov7WXRip5Tu0K7Y51W1oVt+DcvkoE0EzsvbLzgedC/n4PUpYXHqk6vo/OH1HteBHp5Vm6cmfnInf9NAXM4qQ==}
    dependencies:
      cephes: 1.2.0
    dev: false

  /stream-transform/3.2.0:
    resolution: {integrity: sha512-M22v88wNknyJiIyHYoiIYI5RPl/R7tkf92j1YNkmrbe5XRGHW0jW8n458j1njOrR4Edcj8bwbpSV0iLIWon1hg==}
    dev: false

  /summary/2.1.0:
    resolution: {integrity: sha512-nMIjMrd5Z2nuB2RZCKJfFMjgS3fygbeyGk9PxPPaJR1RIcyN9yn4A63Isovzm3ZtQuEkLBVgMdPup8UeLH7aQw==}
    dev: false

  /ttest/4.0.0:
    resolution: {integrity: sha512-biXJWXntqllqzhEPN0TlpwSp4d2xjY2VblchlkJaLIAmlvny9bhpiiPNAlrjyQxcJC1ehoqB8w6JD2WU2p+yUQ==}
    dependencies:
      distributions: 2.1.0
      summary: 2.1.0
    dev: false
